# THIS IS AN AUTOGENERATED FILE. DO NOT EDIT THIS FILE DIRECTLY.
# yarn lockfile v1


openzeppelin-solidity@^3.3.0:
  version "3.3.0"
  resolved "https://registry.yarnpkg.com/openzeppelin-solidity/-/openzeppelin-solidity-3.3.0.tgz#20844436e84fa2d76ffe8c8ff7613acbfe6132c8"
  integrity sha512-hTgOBwCGxJEn6KnNaSzCKYT72aw84VpBl9AuZSLqpxFoQIr0ST/06M2jTVlv+YEQu2q4kq+1GU8CaTBmOotrgA==
